// !$*UTF8*$!
{
	archiveVersion = 1;
	classes = {
	};
	objectVersion = 46;
	objects = {

/* Begin PBXBuildFile section */
		3307EE211C1C3FA4006AFACC /* AppDelegate.swift in Sources */ = {isa = PBXBuildFile; fileRef = 3307EE201C1C3FA4006AFACC /* AppDelegate.swift */; };
		3307EE261C1C3FA4006AFACC /* Main.storyboard in Resources */ = {isa = PBXBuildFile; fileRef = 3307EE241C1C3FA4006AFACC /* Main.storyboard */; };
		3307EE281C1C3FA4006AFACC /* Assets.xcassets in Resources */ = {isa = PBXBuildFile; fileRef = 3307EE271C1C3FA4006AFACC /* Assets.xcassets */; };
		3307EE2B1C1C3FA4006AFACC /* LaunchScreen.storyboard in Resources */ = {isa = PBXBuildFile; fileRef = 3307EE291C1C3FA4006AFACC /* LaunchScreen.storyboard */; };
		3307EE361C1C3FA4006AFACC /* DropitTests.swift in Sources */ = {isa = PBXBuildFile; fileRef = 3307EE351C1C3FA4006AFACC /* DropitTests.swift */; };
		3307EE421C1C3FFF006AFACC /* DropitViewController.swift in Sources */ = {isa = PBXBuildFile; fileRef = 3307EE411C1C3FFF006AFACC /* DropitViewController.swift */; };
		3307EE441C1C4998006AFACC /* DropitBehavior.swift in Sources */ = {isa = PBXBuildFile; fileRef = 3307EE431C1C4998006AFACC /* DropitBehavior.swift */; };
		3307EE461C1C645C006AFACC /* BezierPathsView.swift in Sources */ = {isa = PBXBuildFile; fileRef = 3307EE451C1C645C006AFACC /* BezierPathsView.swift */; };
/* End PBXBuildFile section */

/* Begin PBXContainerItemProxy section */
		3307EE321C1C3FA4006AFACC /* PBXContainerItemProxy */ = {
			isa = PBXContainerItemProxy;
			containerPortal = 3307EE151C1C3FA4006AFACC /* Project object */;
			proxyType = 1;
			remoteGlobalIDString = 3307EE1C1C1C3FA4006AFACC;
			remoteInfo = Dropit;
		};
/* End PBXContainerItemProxy section */

/* Begin PBXFileReference section */
		3307EE1D1C1C3FA4006AFACC /* Dropit.app */ = {isa = PBXFileReference; explicitFileType = wrapper.application; includeInIndex = 0; path = Dropit.app; sourceTree = BUILT_PRODUCTS_DIR; };
		3307EE201C1C3FA4006AFACC /* AppDelegate.swift */ = {isa = PBXFileReference; lastKnownFileType = sourcecode.swift; path = AppDelegate.swift; sourceTree = "<group>"; };
		3307EE251C1C3FA4006AFACC /* Base */ = {isa = PBXFileReference; lastKnownFileType = file.storyboard; name = Base; path = Base.lproj/Main.storyboard; sourceTree = "<group>"; };
		3307EE271C1C3FA4006AFACC /* Assets.xcassets */ = {isa = PBXFileReference; lastKnownFileType = folder.assetcatalog; path = Assets.xcassets; sourceTree = "<group>"; };
		3307EE2A1C1C3FA4006AFACC /* Base */ = {isa = PBXFileReference; lastKnownFileType = file.storyboard; name = Base; path = Base.lproj/LaunchScreen.storyboard; sourceTree = "<group>"; };
		3307EE2C1C1C3FA4006AFACC /* Info.plist */ = {isa = PBXFileReference; lastKnownFileType = text.plist.xml; path = Info.plist; sourceTree = "<group>"; };
		3307EE311C1C3FA4006AFACC /* DropitTests.xctest */ = {isa = PBXFileReference; explicitFileType = wrapper.cfbundle; includeInIndex = 0; path = DropitTests.xctest; sourceTree = BUILT_PRODUCTS_DIR; };
		3307EE351C1C3FA4006AFACC /* DropitTests.swift */ = {isa = PBXFileReference; lastKnownFileType = sourcecode.swift; path = DropitTests.swift; sourceTree = "<group>"; };
		3307EE371C1C3FA4006AFACC /* Info.plist */ = {isa = PBXFileReference; lastKnownFileType = text.plist.xml; path = Info.plist; sourceTree = "<group>"; };
		3307EE411C1C3FFF006AFACC /* DropitViewController.swift */ = {isa = PBXFileReference; fileEncoding = 4; lastKnownFileType = sourcecode.swift; path = DropitViewController.swift; sourceTree = "<group>"; };
		3307EE431C1C4998006AFACC /* DropitBehavior.swift */ = {isa = PBXFileReference; fileEncoding = 4; lastKnownFileType = sourcecode.swift; path = DropitBehavior.swift; sourceTree = "<group>"; };
		3307EE451C1C645C006AFACC /* BezierPathsView.swift */ = {isa = PBXFileReference; fileEncoding = 4; lastKnownFileType = sourcecode.swift; path = BezierPathsView.swift; sourceTree = "<group>"; };
/* End PBXFileReference section */

/* Begin PBXFrameworksBuildPhase section */
		3307EE1A1C1C3FA4006AFACC /* Frameworks */ = {
			isa = PBXFrameworksBuildPhase;
			buildActionMask = 2147483647;
			files = (
			);
			runOnlyForDeploymentPostprocessing = 0;
		};
		3307EE2E1C1C3FA4006AFACC /* Frameworks */ = {
			isa = PBXFrameworksBuildPhase;
			buildActionMask = 2147483647;
			files = (
			);
			runOnlyForDeploymentPostprocessing = 0;
		};
/* End PBXFrameworksBuildPhase section */

/* Begin PBXGroup section */
		3307EE141C1C3FA4006AFACC = {
			isa = PBXGroup;
			children = (
				3307EE1F1C1C3FA4006AFACC /* Dropit */,
				3307EE341C1C3FA4006AFACC /* DropitTests */,
				3307EE1E1C1C3FA4006AFACC /* Products */,
			);
			sourceTree = "<group>";
		};
		3307EE1E1C1C3FA4006AFACC /* Products */ = {
			isa = PBXGroup;
			children = (
				3307EE1D1C1C3FA4006AFACC /* Dropit.app */,
				3307EE311C1C3FA4006AFACC /* DropitTests.xctest */,
			);
			name = Products;
			sourceTree = "<group>";
		};
		3307EE1F1C1C3FA4006AFACC /* Dropit */ = {
			isa = PBXGroup;
			children = (
				3307EE241C1C3FA4006AFACC /* Main.storyboard */,
				3307EE411C1C3FFF006AFACC /* DropitViewController.swift */,
				3307EE451C1C645C006AFACC /* BezierPathsView.swift */,
				3307EE431C1C4998006AFACC /* DropitBehavior.swift */,
				3307EE401C1C3FB3006AFACC /* SupportingFiles */,
			);
			path = Dropit;
			sourceTree = "<group>";
		};
		3307EE341C1C3FA4006AFACC /* DropitTests */ = {
			isa = PBXGroup;
			children = (
				3307EE351C1C3FA4006AFACC /* DropitTests.swift */,
				3307EE371C1C3FA4006AFACC /* Info.plist */,
			);
			path = DropitTests;
			sourceTree = "<group>";
		};
		3307EE401C1C3FB3006AFACC /* SupportingFiles */ = {
			isa = PBXGroup;
			children = (
				3307EE271C1C3FA4006AFACC /* Assets.xcassets */,
				3307EE291C1C3FA4006AFACC /* LaunchScreen.storyboard */,
				3307EE201C1C3FA4006AFACC /* AppDelegate.swift */,
				3307EE2C1C1C3FA4006AFACC /* Info.plist */,
			);
			name = SupportingFiles;
			sourceTree = "<group>";
		};
/* End PBXGroup section */

/* Begin PBXNativeTarget section */
		3307EE1C1C1C3FA4006AFACC /* Dropit */ = {
			isa = PBXNativeTarget;
			buildConfigurationList = 3307EE3A1C1C3FA4006AFACC /* Build configuration list for PBXNativeTarget "Dropit" */;
			buildPhases = (
				3307EE191C1C3FA4006AFACC /* Sources */,
				3307EE1A1C1C3FA4006AFACC /* Frameworks */,
				3307EE1B1C1C3FA4006AFACC /* Resources */,
			);
			buildRules = (
			);
			dependencies = (
			);
			name = Dropit;
			productName = Dropit;
			productReference = 3307EE1D1C1C3FA4006AFACC /* Dropit.app */;
			productType = "com.apple.product-type.application";
		};
		3307EE301C1C3FA4006AFACC /* DropitTests */ = {
			isa = PBXNativeTarget;
			buildConfigurationList = 3307EE3D1C1C3FA4006AFACC /* Build configuration list for PBXNativeTarget "DropitTests" */;
			buildPhases = (
				3307EE2D1C1C3FA4006AFACC /* Sources */,
				3307EE2E1C1C3FA4006AFACC /* Frameworks */,
				3307EE2F1C1C3FA4006AFACC /* Resources */,
			);
			buildRules = (
			);
			dependencies = (
				3307EE331C1C3FA4006AFACC /* PBXTargetDependency */,
			);
			name = DropitTests;
			productName = DropitTests;
			productReference = 3307EE311C1C3FA4006AFACC /* DropitTests.xctest */;
			productType = "com.apple.product-type.bundle.unit-test";
		};
/* End PBXNativeTarget section */

/* Begin PBXProject section */
		3307EE151C1C3FA4006AFACC /* Project object */ = {
			isa = PBXProject;
			attributes = {
				LastSwiftUpdateCheck = 0720;
				LastUpgradeCheck = 0720;
				ORGANIZATIONNAME = MandyXue;
				TargetAttributes = {
					3307EE1C1C1C3FA4006AFACC = {
						CreatedOnToolsVersion = 7.2;
						DevelopmentTeam = WGWLK679J7;
					};
					3307EE301C1C3FA4006AFACC = {
						CreatedOnToolsVersion = 7.2;
						DevelopmentTeam = WGWLK679J7;
						TestTargetID = 3307EE1C1C1C3FA4006AFACC;
					};
				};
			};
			buildConfigurationList = 3307EE181C1C3FA4006AFACC /* Build configuration list for PBXProject "Dropit" */;
			compatibilityVersion = "Xcode 3.2";
			developmentRegion = English;
			hasScannedForEncodings = 0;
			knownRegions = (
				en,
				Base,
			);
			mainGroup = 3307EE141C1C3FA4006AFACC;
			productRefGroup = 3307EE1E1C1C3FA4006AFACC /* Products */;
			projectDirPath = "";
			projectRoot = "";
			targets = (
				3307EE1C1C1C3FA4006AFACC /* Dropit */,
				3307EE301C1C3FA4006AFACC /* DropitTests */,
			);
		};
/* End PBXProject section */

/* Begin PBXResourcesBuildPhase section */
		3307EE1B1C1C3FA4006AFACC /* Resources */ = {
			isa = PBXResourcesBuildPhase;
			buildActionMask = 2147483647;
			files = (
				3307EE2B1C1C3FA4006AFACC /* LaunchScreen.storyboard in Resources */,
				3307EE281C1C3FA4006AFACC /* Assets.xcassets in Resources */,
				3307EE261C1C3FA4006AFACC /* Main.storyboard in Resources */,
			);
			runOnlyForDeploymentPostprocessing = 0;
		};
		3307EE2F1C1C3FA4006AFACC /* Resources */ = {
			isa = PBXResourcesBuildPhase;
			buildActionMask = 2147483647;
			files = (
			);
			runOnlyForDeploymentPostprocessing = 0;
		};
/* End PBXResourcesBuildPhase section */

/* Begin PBXSourcesBuildPhase section */
		3307EE191C1C3FA4006AFACC /* Sources */ = {
			isa = PBXSourcesBuildPhase;
			buildActionMask = 2147483647;
			files = (
				3307EE461C1C645C006AFACC /* BezierPathsView.swift in Sources */,
				3307EE421C1C3FFF006AFACC /* DropitViewController.swift in Sources */,
				3307EE211C1C3FA4006AFACC /* AppDelegate.swift in Sources */,
				3307EE441C1C4998006AFACC /* DropitBehavior.swift in Sources */,
			);
			runOnlyForDeploymentPostprocessing = 0;
		};
		3307EE2D1C1C3FA4006AFACC /* Sources */ = {
			isa = PBXSourcesBuildPhase;
			buildActionMask = 2147483647;
			files = (
				3307EE361C1C3FA4006AFACC /* DropitTests.swift in Sources */,
			);
			runOnlyForDeploymentPostprocessing = 0;
		};
/* End PBXSourcesBuildPhase section */

/* Begin PBXTargetDependency section */
		3307EE331C1C3FA4006AFACC /* PBXTargetDependency */ = {
			isa = PBXTargetDependency;
			target = 3307EE1C1C1C3FA4006AFACC /* Dropit */;
			targetProxy = 3307EE321C1C3FA4006AFACC /* PBXContainerItemProxy */;
		};
/* End PBXTargetDependency section */

/* Begin PBXVariantGroup section */
		3307EE241C1C3FA4006AFACC /* Main.storyboard */ = {
			isa = PBXVariantGroup;
			children = (
				3307EE251C1C3FA4006AFACC /* Base */,
			);
			name = Main.storyboard;
			sourceTree = "<group>";
		};
		3307EE291C1C3FA4006AFACC /* LaunchScreen.storyboard */ = {
			isa = PBXVariantGroup;
			children = (
				3307EE2A1C1C3FA4006AFACC /* Base */,
			);
			name = LaunchScreen.storyboard;
			sourceTree = "<group>";
		};
/* End PBXVariantGroup section */

/* Begin XCBuildConfiguration section */
		3307EE381C1C3FA4006AFACC /* Debug */ = {
			isa = XCBuildConfiguration;
			buildSettings = {
				ALWAYS_SEARCH_USER_PATHS = NO;
				CLANG_CXX_LANGUAGE_STANDARD = "gnu++0x";
				CLANG_CXX_LIBRARY = "libc++";
				CLANG_ENABLE_MODULES = YES;
				CLANG_ENABLE_OBJC_ARC = YES;
				CLANG_WARN_BOOL_CONVERSION = YES;
				CLANG_WARN_CONSTANT_CONVERSION = YES;
				CLANG_WARN_DIRECT_OBJC_ISA_USAGE = YES_ERROR;
				CLANG_WARN_EMPTY_BODY = YES;
				CLANG_WARN_ENUM_CONVERSION = YES;
				CLANG_WARN_INT_CONVERSION = YES;
				CLANG_WARN_OBJC_ROOT_CLASS = YES_ERROR;
				CLANG_WARN_UNREACHABLE_CODE = YES;
				CLANG_WARN__DUPLICATE_METHOD_MATCH = YES;
				"CODE_SIGN_IDENTITY[sdk=iphoneos*]" = "iPhone Developer";
				COPY_PHASE_STRIP = NO;
				DEBUG_INFORMATION_FORMAT = dwarf;
				ENABLE_STRICT_OBJC_MSGSEND = YES;
				ENABLE_TESTABILITY = YES;
				GCC_C_LANGUAGE_STANDARD = gnu99;
				GCC_DYNAMIC_NO_PIC = NO;
				GCC_NO_COMMON_BLOCKS = YES;
				GCC_OPTIMIZATION_LEVEL = 0;
				GCC_PREPROCESSOR_DEFINITIONS = (
					"DEBUG=1",
					"$(inherited)",
				);
				GCC_WARN_64_TO_32_BIT_CONVERSION = YES;
				GCC_WARN_ABOUT_RETURN_TYPE = YES_ERROR;
				GCC_WARN_UNDECLARED_SELECTOR = YES;
				GCC_WARN_UNINITIALIZED_AUTOS = YES_AGGRESSIVE;
				GCC_WARN_UNUSED_FUNCTION = YES;
				GCC_WARN_UNUSED_VARIABLE = YES;
				IPHONEOS_DEPLOYMENT_TARGET = 9.2;
				MTL_ENABLE_DEBUG_INFO = YES;
				ONLY_ACTIVE_ARCH = YES;
				SDKROOT = iphoneos;
				SWIFT_OPTIMIZATION_LEVEL = "-Onone";
				TARGETED_DEVICE_FAMILY = "1,2";
			};
			name = Debug;
		};
		3307EE391C1C3FA4006AFACC /* Release */ = {
			isa = XCBuildConfiguration;
			buildSettings = {
				ALWAYS_SEARCH_USER_PATHS = NO;
				CLANG_CXX_LANGUAGE_STANDARD = "gnu++0x";
				CLANG_CXX_LIBRARY = "libc++";
				CLANG_ENABLE_MODULES = YES;
				CLANG_ENABLE_OBJC_ARC = YES;
				CLANG_WARN_BOOL_CONVERSION = YES;
				CLANG_WARN_CONSTANT_CONVERSION = YES;
				CLANG_WARN_DIRECT_OBJC_ISA_USAGE = YES_ERROR;
				CLANG_WARN_EMPTY_BODY = YES;
				CLANG_WARN_ENUM_CONVERSION = YES;
				CLANG_WARN_INT_CONVERSION = YES;
				CLANG_WARN_OBJC_ROOT_CLASS = YES_ERROR;
				CLANG_WARN_UNREACHABLE_CODE = YES;
				CLANG_WARN__DUPLICATE_METHOD_MATCH = YES;
				"CODE_SIGN_IDENTITY[sdk=iphoneos*]" = "iPhone Developer";
				COPY_PHASE_STRIP = NO;
				DEBUG_INFORMATION_FORMAT = "dwarf-with-dsym";
				ENABLE_NS_ASSERTIONS = NO;
				ENABLE_STRICT_OBJC_MSGSEND = YES;
				GCC_C_LANGUAGE_STANDARD = gnu99;
				GCC_NO_COMMON_BLOCKS = YES;
				GCC_WARN_64_TO_32_BIT_CONVERSION = YES;
				GCC_WARN_ABOUT_RETURN_TYPE = YES_ERROR;
				GCC_WARN_UNDECLARED_SELECTOR = YES;
				GCC_WARN_UNINITIALIZED_AUTOS = YES_AGGRESSIVE;
				GCC_WARN_UNUSED_FUNCTION = YES;
				GCC_WARN_UNUSED_VARIABLE = YES;
				IPHONEOS_DEPLOYMENT_TARGET = 9.2;
				MTL_ENABLE_DEBUG_INFO = NO;
				SDKROOT = iphoneos;
				TARGETED_DEVICE_FAMILY = "1,2";
				VALIDATE_PRODUCT = YES;
			};
			name = Release;
		};
		3307EE3B1C1C3FA4006AFACC /* Debug */ = {
			isa = XCBuildConfiguration;
			buildSettings = {
				ASSETCATALOG_COMPILER_APPICON_NAME = AppIcon;
				INFOPLIST_FILE = Dropit/Info.plist;
				LD_RUNPATH_SEARCH_PATHS = "$(inherited) @executable_path/Frameworks";
				PRODUCT_BUNDLE_IDENTIFIER = AppleClub.Dropit;
				PRODUCT_NAME = "$(TARGET_NAME)";
			};
			name = Debug;
		};
		3307EE3C1C1C3FA4006AFACC /* Release */ = {
			isa = XCBuildConfiguration;
			buildSettings = {
				ASSETCATALOG_COMPILER_APPICON_NAME = AppIcon;
				INFOPLIST_FILE = Dropit/Info.plist;
				LD_RUNPATH_SEARCH_PATHS = "$(inherited) @executable_path/Frameworks";
				PRODUCT_BUNDLE_IDENTIFIER = AppleClub.Dropit;
				PRODUCT_NAME = "$(TARGET_NAME)";
			};
			name = Release;
		};
		3307EE3E1C1C3FA4006AFACC /* Debug */ = {
			isa = XCBuildConfiguration;
			buildSettings = {
				BUNDLE_LOADER = "$(TEST_HOST)";
				INFOPLIST_FILE = DropitTests/Info.plist;
				LD_RUNPATH_SEARCH_PATHS = "$(inherited) @executable_path/Frameworks @loader_path/Frameworks";
				PRODUCT_BUNDLE_IDENTIFIER = AppleClub.DropitTests;
				PRODUCT_NAME = "$(TARGET_NAME)";
				TEST_HOST = "$(BUILT_PRODUCTS_DIR)/Dropit.app/Dropit";
			};
			name = Debug;
		};
		3307EE3F1C1C3FA4006AFACC /* Release */ = {
			isa = XCBuildConfiguration;
			buildSettings = {
				BUNDLE_LOADER = "$(TEST_HOST)";
				INFOPLIST_FILE = DropitTests/Info.plist;
				LD_RUNPATH_SEARCH_PATHS = "$(inherited) @executable_path/Frameworks @loader_path/Frameworks";
				PRODUCT_BUNDLE_IDENTIFIER = AppleClub.DropitTests;
				PRODUCT_NAME = "$(TARGET_NAME)";
				TEST_HOST = "$(BUILT_PRODUCTS_DIR)/Dropit.app/Dropit";
			};
			name = Release;
		};
/* End XCBuildConfiguration section */

/* Begin XCConfigurationList section */
		3307EE181C1C3FA4006AFACC /* Build configuration list for PBXProject "Dropit" */ = {
			isa = XCConfigurationList;
			buildConfigurations = (
				3307EE381C1C3FA4006AFACC /* Debug */,
				3307EE391C1C3FA4006AFACC /* Release */,
			);
			defaultConfigurationIsVisible = 0;
			defaultConfigurationName = Release;
		};
		3307EE3A1C1C3FA4006AFACC /* Build configuration list for PBXNativeTarget "Dropit" */ = {
			isa = XCConfigurationList;
			buildConfigurations = (
				3307EE3B1C1C3FA4006AFACC /* Debug */,
				3307EE3C1C1C3FA4006AFACC /* Release */,
			);
			defaultConfigurationIsVisible = 0;
		};
		3307EE3D1C1C3FA4006AFACC /* Build configuration list for PBXNativeTarget "DropitTests" */ = {
			isa = XCConfigurationList;
			buildConfigurations = (
				3307EE3E1C1C3FA4006AFACC /* Debug */,
				3307EE3F1C1C3FA4006AFACC /* Release */,
			);
			defaultConfigurationIsVisible = 0;
		};
/* End XCConfigurationList section */
	};
	rootObject = 3307EE151C1C3FA4006AFACC /* Project object */;
}
